{
  "name": "multi-package",
  "version": "0.0.0",
  "lockfileVersion": 3,
  "requires": true,
  "packages": {
    "": {
      "name": "multi-package",
      "version": "0.0.0",
      "workspaces": [
        "./packages/*"
      ]
    },
    "node_modules/lodash-es": {
      "version": "4.17.21",
      "resolved": "https://registry.npmjs.org/lodash-es/-/lodash-es-4.17.21.tgz",
      "integrity": "sha512-mKnC+QJ9pWVzv+C4/U3rRsHapFfHvQFoFB92e52xeyGMcX6/OlIl78je1u8vePzYZSkkogMPJ2yjxxsb89cxyw=="
    },
    "node_modules/my-app": {
      "resolved": "packages/my-app",
      "link": true
    },
    "node_modules/node-app": {
      "resolved": "packages/node-app",
      "link": true
    },
    "node_modules/shared-utils": {
      "resolved": "packages/shared-utils",
      "link": true
    },
    "packages/my-app": {
      "version": "0.0.0",
      "dependencies": {
        "shared-utils": "^0.0.0"
      }
    },
    "packages/node-app": {
      "version": "0.0.0",
      "dependencies": {
        "shared-utils": "^0.0.0"
      }
    },
    "packages/shared-utils": {
      "version": "0.0.0",
      "dependencies": {
        "lodash-es": "4.17.21"
      }
    }
  }
}
